
Microsoft Visual Studio Solution File, Format Version 12.00
# Visual Studio Version 16
VisualStudioVersion = 16.0.30128.36
MinimumVisualStudioVersion = 10.0.40219.1
Project("{9A19103F-16F7-4668-BE54-9A1E7A4F7556}") = "NiseSeriko", "NiseSeriko.csproj", "{ED43FAE8-A1F9-4633-A085-71E4EBDF32FE}"
EndProject
Global
	GlobalSection(SolutionConfigurationPlatforms) = preSolution
		Debug|Any CPU = Debug|Any CPU
		Release|Any CPU = Release|Any CPU
	EndGlobalSection
	GlobalSection(ProjectConfigurationPlatforms) = postSolution
		{ED43FAE8-A1F9-4633-A085-71E4EBDF32FE}.Debug|Any CPU.ActiveCfg = Debug|Any CPU
		{ED43FAE8-A1F9-4633-A085-71E4EBDF32FE}.Debug|Any CPU.Build.0 = Debug|Any CPU
		{ED43FAE8-A1F9-4633-A085-71E4EBDF32FE}.Release|Any CPU.ActiveCfg = Release|Any CPU
		{ED43FAE8-A1F9-4633-A085-71E4EBDF32FE}.Release|Any CPU.Build.0 = Release|Any CPU
	EndGlobalSection
	GlobalSection(SolutionProperties) = preSolution
		HideSolutionNode = FALSE
	EndGlobalSection
	GlobalSection(ExtensibilityGlobals) = postSolution
		SolutionGuid = {323BBBFD-033C-4CA8-90E9-90199DCBA08B}
	EndGlobalSection
EndGlobal
